// !$*UTF8*$!
{
	archiveVersion = 1;
	classes = {
	};
	objectVersion = 50;
	objects = {

/* Begin PBXBuildFile section */
		E946ED0C2503D12100029312 /* AppDelegate.swift in Sources */ = {isa = PBXBuildFile; fileRef = E946ED0B2503D12100029312 /* AppDelegate.swift */; };
		E946ED0E2503D12100029312 /* SceneDelegate.swift in Sources */ = {isa = PBXBuildFile; fileRef = E946ED0D2503D12100029312 /* SceneDelegate.swift */; };
		E946ED102503D12100029312 /* ViewController.swift in Sources */ = {isa = PBXBuildFile; fileRef = E946ED0F2503D12100029312 /* ViewController.swift */; };
		E946ED132503D12100029312 /* Main.storyboard in Resources */ = {isa = PBXBuildFile; fileRef = E946ED112503D12100029312 /* Main.storyboard */; };
		E946ED152503D12900029312 /* Assets.xcassets in Resources */ = {isa = PBXBuildFile; fileRef = E946ED142503D12900029312 /* Assets.xcassets */; };
		E946ED182503D12900029312 /* LaunchScreen.storyboard in Resources */ = {isa = PBXBuildFile; fileRef = E946ED162503D12900029312 /* LaunchScreen.storyboard */; };
		E946ED202503DC0500029312 /* WeatherSearchCity.swift in Sources */ = {isa = PBXBuildFile; fileRef = E946ED1F2503DC0500029312 /* WeatherSearchCity.swift */; };
		E946ED232504004A00029312 /* WeatherTableViewCell.swift in Sources */ = {isa = PBXBuildFile; fileRef = E946ED212504004A00029312 /* WeatherTableViewCell.swift */; };
		E946ED242504004A00029312 /* WeatherTableViewCell.xib in Resources */ = {isa = PBXBuildFile; fileRef = E946ED222504004A00029312 /* WeatherTableViewCell.xib */; };
		E9D64B8E250D2B57009EA96D /* WeatherLocation.swift in Sources */ = {isa = PBXBuildFile; fileRef = E9D64B8D250D2B57009EA96D /* WeatherLocation.swift */; };
/* End PBXBuildFile section */

/* Begin PBXFileReference section */
		E946ED082503D12100029312 /* weather.app */ = {isa = PBXFileReference; explicitFileType = wrapper.application; includeInIndex = 0; path = weather.app; sourceTree = BUILT_PRODUCTS_DIR; };
		E946ED0B2503D12100029312 /* AppDelegate.swift */ = {isa = PBXFileReference; lastKnownFileType = sourcecode.swift; path = AppDelegate.swift; sourceTree = "<group>"; };
		E946ED0D2503D12100029312 /* SceneDelegate.swift */ = {isa = PBXFileReference; lastKnownFileType = sourcecode.swift; path = SceneDelegate.swift; sourceTree = "<group>"; };
		E946ED0F2503D12100029312 /* ViewController.swift */ = {isa = PBXFileReference; lastKnownFileType = sourcecode.swift; path = ViewController.swift; sourceTree = "<group>"; };
		E946ED122503D12100029312 /* Base */ = {isa = PBXFileReference; lastKnownFileType = file.storyboard; name = Base; path = Base.lproj/Main.storyboard; sourceTree = "<group>"; };
		E946ED142503D12900029312 /* Assets.xcassets */ = {isa = PBXFileReference; lastKnownFileType = folder.assetcatalog; path = Assets.xcassets; sourceTree = "<group>"; };
		E946ED172503D12900029312 /* Base */ = {isa = PBXFileReference; lastKnownFileType = file.storyboard; name = Base; path = Base.lproj/LaunchScreen.storyboard; sourceTree = "<group>"; };
		E946ED192503D12900029312 /* Info.plist */ = {isa = PBXFileReference; lastKnownFileType = text.plist.xml; path = Info.plist; sourceTree = "<group>"; };
		E946ED1F2503DC0500029312 /* WeatherSearchCity.swift */ = {isa = PBXFileReference; lastKnownFileType = sourcecode.swift; path = WeatherSearchCity.swift; sourceTree = "<group>"; };
		E946ED212504004A00029312 /* WeatherTableViewCell.swift */ = {isa = PBXFileReference; lastKnownFileType = sourcecode.swift; path = WeatherTableViewCell.swift; sourceTree = "<group>"; };
		E946ED222504004A00029312 /* WeatherTableViewCell.xib */ = {isa = PBXFileReference; lastKnownFileType = file.xib; path = WeatherTableViewCell.xib; sourceTree = "<group>"; };
		E9D64B8D250D2B57009EA96D /* WeatherLocation.swift */ = {isa = PBXFileReference; lastKnownFileType = sourcecode.swift; path = WeatherLocation.swift; sourceTree = "<group>"; };
/* End PBXFileReference section */

/* Begin PBXFrameworksBuildPhase section */
		E946ED052503D12100029312 /* Frameworks */ = {
			isa = PBXFrameworksBuildPhase;
			buildActionMask = 2147483647;
			files = (
			);
			runOnlyForDeploymentPostprocessing = 0;
		};
/* End PBXFrameworksBuildPhase section */

/* Begin PBXGroup section */
		E946ECFF2503D12100029312 = {
			isa = PBXGroup;
			children = (
				E946ED0A2503D12100029312 /* weather */,
				E946ED092503D12100029312 /* Products */,
			);
			sourceTree = "<group>";
		};
		E946ED092503D12100029312 /* Products */ = {
			isa = PBXGroup;
			children = (
				E946ED082503D12100029312 /* weather.app */,
			);
			name = Products;
			sourceTree = "<group>";
		};
		E946ED0A2503D12100029312 /* weather */ = {
			isa = PBXGroup;
			children = (
				E946ED0B2503D12100029312 /* AppDelegate.swift */,
				E946ED0D2503D12100029312 /* SceneDelegate.swift */,
				E946ED0F2503D12100029312 /* ViewController.swift */,
				E946ED212504004A00029312 /* WeatherTableViewCell.swift */,
				E946ED222504004A00029312 /* WeatherTableViewCell.xib */,
				E946ED1F2503DC0500029312 /* WeatherSearchCity.swift */,
				E9D64B8D250D2B57009EA96D /* WeatherLocation.swift */,
				E946ED112503D12100029312 /* Main.storyboard */,
				E946ED142503D12900029312 /* Assets.xcassets */,
				E946ED162503D12900029312 /* LaunchScreen.storyboard */,
				E946ED192503D12900029312 /* Info.plist */,
			);
			path = weather;
			sourceTree = "<group>";
		};
/* End PBXGroup section */

/* Begin PBXNativeTarget section */
		E946ED072503D12100029312 /* weather */ = {
			isa = PBXNativeTarget;
			buildConfigurationList = E946ED1C2503D12900029312 /* Build configuration list for PBXNativeTarget "weather" */;
			buildPhases = (
				E946ED042503D12100029312 /* Sources */,
				E946ED052503D12100029312 /* Frameworks */,
				E946ED062503D12100029312 /* Resources */,
			);
			buildRules = (
			);
			dependencies = (
			);
			name = weather;
			productName = weather;
			productReference = E946ED082503D12100029312 /* weather.app */;
			productType = "com.apple.product-type.application";
		};
/* End PBXNativeTarget section */

/* Begin PBXProject section */
		E946ED002503D12100029312 /* Project object */ = {
			isa = PBXProject;
			attributes = {
				LastSwiftUpdateCheck = 1170;
				LastUpgradeCheck = 1170;
				ORGANIZATIONNAME = pavel;
				TargetAttributes = {
					E946ED072503D12100029312 = {
						CreatedOnToolsVersion = 11.7;
					};
				};
			};
			buildConfigurationList = E946ED032503D12100029312 /* Build configuration list for PBXProject "weather" */;
			compatibilityVersion = "Xcode 9.3";
			developmentRegion = en;
			hasScannedForEncodings = 0;
			knownRegions = (
				en,
				Base,
			);
			mainGroup = E946ECFF2503D12100029312;
			productRefGroup = E946ED092503D12100029312 /* Products */;
			projectDirPath = "";
			projectRoot = "";
			targets = (
				E946ED072503D12100029312 /* weather */,
			);
		};
/* End PBXProject section */

/* Begin PBXResourcesBuildPhase section */
		E946ED062503D12100029312 /* Resources */ = {
			isa = PBXResourcesBuildPhase;
			buildActionMask = 2147483647;
			files = (
				E946ED242504004A00029312 /* WeatherTableViewCell.xib in Resources */,
				E946ED182503D12900029312 /* LaunchScreen.storyboard in Resources */,
				E946ED152503D12900029312 /* Assets.xcassets in Resources */,
				E946ED132503D12100029312 /* Main.storyboard in Resources */,
			);
			runOnlyForDeploymentPostprocessing = 0;
		};
/* End PBXResourcesBuildPhase section */

/* Begin PBXSourcesBuildPhase section */
		E946ED042503D12100029312 /* Sources */ = {
			isa = PBXSourcesBuildPhase;
			buildActionMask = 2147483647;
			files = (
				E946ED232504004A00029312 /* WeatherTableViewCell.swift in Sources */,
				E9D64B8E250D2B57009EA96D /* WeatherLocation.swift in Sources */,
				E946ED202503DC0500029312 /* WeatherSearchCity.swift in Sources */,
				E946ED102503D12100029312 /* ViewController.swift in Sources */,
				E946ED0C2503D12100029312 /* AppDelegate.swift in Sources */,
				E946ED0E2503D12100029312 /* SceneDelegate.swift in Sources */,
			);
			runOnlyForDeploymentPostprocessing = 0;
		};
/* End PBXSourcesBuildPhase section */

/* Begin PBXVariantGroup section */
		E946ED112503D12100029312 /* Main.storyboard */ = {
			isa = PBXVariantGroup;
			children = (
				E946ED122503D12100029312 /* Base */,
			);
			name = Main.storyboard;
			sourceTree = "<group>";
		};
		E946ED162503D12900029312 /* LaunchScreen.storyboard */ = {
			isa = PBXVariantGroup;
			children = (
				E946ED172503D12900029312 /* Base */,
			);
			name = LaunchScreen.storyboard;
			sourceTree = "<group>";
		};
/* End PBXVariantGroup section */

/* Begin XCBuildConfiguration section */
		E946ED1A2503D12900029312 /* Debug */ = {
			isa = XCBuildConfiguration;
			buildSettings = {
				ALWAYS_SEARCH_USER_PATHS = NO;
				CLANG_ANALYZER_NONNULL = YES;
				CLANG_ANALYZER_NUMBER_OBJECT_CONVERSION = YES_AGGRESSIVE;
				CLANG_CXX_LANGUAGE_STANDARD = "gnu++14";
				CLANG_CXX_LIBRARY = "libc++";
				CLANG_ENABLE_MODULES = YES;
				CLANG_ENABLE_OBJC_ARC = YES;
				CLANG_ENABLE_OBJC_WEAK = YES;
				CLANG_WARN_BLOCK_CAPTURE_AUTORELEASING = YES;
				CLANG_WARN_BOOL_CONVERSION = YES;
				CLANG_WARN_COMMA = YES;
				CLANG_WARN_CONSTANT_CONVERSION = YES;
				CLANG_WARN_DEPRECATED_OBJC_IMPLEMENTATIONS = YES;
				CLANG_WARN_DIRECT_OBJC_ISA_USAGE = YES_ERROR;
				CLANG_WARN_DOCUMENTATION_COMMENTS = YES;
				CLANG_WARN_EMPTY_BODY = YES;
				CLANG_WARN_ENUM_CONVERSION = YES;
				CLANG_WARN_INFINITE_RECURSION = YES;
				CLANG_WARN_INT_CONVERSION = YES;
				CLANG_WARN_NON_LITERAL_NULL_CONVERSION = YES;
				CLANG_WARN_OBJC_IMPLICIT_RETAIN_SELF = YES;
				CLANG_WARN_OBJC_LITERAL_CONVERSION = YES;
				CLANG_WARN_OBJC_ROOT_CLASS = YES_ERROR;
				CLANG_WARN_RANGE_LOOP_ANALYSIS = YES;
				CLANG_WARN_STRICT_PROTOTYPES = YES;
				CLANG_WARN_SUSPICIOUS_MOVE = YES;
				CLANG_WARN_UNGUARDED_AVAILABILITY = YES_AGGRESSIVE;
				CLANG_WARN_UNREACHABLE_CODE = YES;
				CLANG_WARN__DUPLICATE_METHOD_MATCH = YES;
				COPY_PHASE_STRIP = NO;
				DEBUG_INFORMATION_FORMAT = dwarf;
				ENABLE_STRICT_OBJC_MSGSEND = YES;
				ENABLE_TESTABILITY = YES;
				GCC_C_LANGUAGE_STANDARD = gnu11;
				GCC_DYNAMIC_NO_PIC = NO;
				GCC_NO_COMMON_BLOCKS = YES;
				GCC_OPTIMIZATION_LEVEL = 0;
				GCC_PREPROCESSOR_DEFINITIONS = (
					"DEBUG=1",
					"$(inherited)",
				);
				GCC_WARN_64_TO_32_BIT_CONVERSION = YES;
				GCC_WARN_ABOUT_RETURN_TYPE = YES_ERROR;
				GCC_WARN_UNDECLARED_SELECTOR = YES;
				GCC_WARN_UNINITIALIZED_AUTOS = YES_AGGRESSIVE;
				GCC_WARN_UNUSED_FUNCTION = YES;
				GCC_WARN_UNUSED_VARIABLE = YES;
				IPHONEOS_DEPLOYMENT_TARGET = 13.7;
				MTL_ENABLE_DEBUG_INFO = INCLUDE_SOURCE;
				MTL_FAST_MATH = YES;
				ONLY_ACTIVE_ARCH = YES;
				SDKROOT = iphoneos;
				SWIFT_ACTIVE_COMPILATION_CONDITIONS = DEBUG;
				SWIFT_OPTIMIZATION_LEVEL = "-Onone";
			};
			name = Debug;
		};
		E946ED1B2503D12900029312 /* Release */ = {
			isa = XCBuildConfiguration;
			buildSettings = {
				ALWAYS_SEARCH_USER_PATHS = NO;
				CLANG_ANALYZER_NONNULL = YES;
				CLANG_ANALYZER_NUMBER_OBJECT_CONVERSION = YES_AGGRESSIVE;
				CLANG_CXX_LANGUAGE_STANDARD = "gnu++14";
				CLANG_CXX_LIBRARY = "libc++";
				CLANG_ENABLE_MODULES = YES;
				CLANG_ENABLE_OBJC_ARC = YES;
				CLANG_ENABLE_OBJC_WEAK = YES;
				CLANG_WARN_BLOCK_CAPTURE_AUTORELEASING = YES;
				CLANG_WARN_BOOL_CONVERSION = YES;
				CLANG_WARN_COMMA = YES;
				CLANG_WARN_CONSTANT_CONVERSION = YES;
				CLANG_WARN_DEPRECATED_OBJC_IMPLEMENTATIONS = YES;
				CLANG_WARN_DIRECT_OBJC_ISA_USAGE = YES_ERROR;
				CLANG_WARN_DOCUMENTATION_COMMENTS = YES;
				CLANG_WARN_EMPTY_BODY = YES;
				CLANG_WARN_ENUM_CONVERSION = YES;
				CLANG_WARN_INFINITE_RECURSION = YES;
				CLANG_WARN_INT_CONVERSION = YES;
				CLANG_WARN_NON_LITERAL_NULL_CONVERSION = YES;
				CLANG_WARN_OBJC_IMPLICIT_RETAIN_SELF = YES;
				CLANG_WARN_OBJC_LITERAL_CONVERSION = YES;
				CLANG_WARN_OBJC_ROOT_CLASS = YES_ERROR;
				CLANG_WARN_RANGE_LOOP_ANALYSIS = YES;
				CLANG_WARN_STRICT_PROTOTYPES = YES;
				CLANG_WARN_SUSPICIOUS_MOVE = YES;
				CLANG_WARN_UNGUARDED_AVAILABILITY = YES_AGGRESSIVE;
				CLANG_WARN_UNREACHABLE_CODE = YES;
				CLANG_WARN__DUPLICATE_METHOD_MATCH = YES;
				COPY_PHASE_STRIP = NO;
				DEBUG_INFORMATION_FORMAT = "dwarf-with-dsym";
				ENABLE_NS_ASSERTIONS = NO;
				ENABLE_STRICT_OBJC_MSGSEND = YES;
				GCC_C_LANGUAGE_STANDARD = gnu11;
				GCC_NO_COMMON_BLOCKS = YES;
				GCC_WARN_64_TO_32_BIT_CONVERSION = YES;
				GCC_WARN_ABOUT_RETURN_TYPE = YES_ERROR;
				GCC_WARN_UNDECLARED_SELECTOR = YES;
				GCC_WARN_UNINITIALIZED_AUTOS = YES_AGGRESSIVE;
				GCC_WARN_UNUSED_FUNCTION = YES;
				GCC_WARN_UNUSED_VARIABLE = YES;
				IPHONEOS_DEPLOYMENT_TARGET = 13.7;
				MTL_ENABLE_DEBUG_INFO = NO;
				MTL_FAST_MATH = YES;
				SDKROOT = iphoneos;
				SWIFT_COMPILATION_MODE = wholemodule;
				SWIFT_OPTIMIZATION_LEVEL = "-O";
				VALIDATE_PRODUCT = YES;
			};
			name = Release;
		};
		E946ED1D2503D12900029312 /* Debug */ = {
			isa = XCBuildConfiguration;
			buildSettings = {
				ASSETCATALOG_COMPILER_APPICON_NAME = AppIcon;
				CODE_SIGN_STYLE = Automatic;
				INFOPLIST_FILE = weather/Info.plist;
				LD_RUNPATH_SEARCH_PATHS = (
					"$(inherited)",
					"@executable_path/Frameworks",
				);
				PRODUCT_BUNDLE_IDENTIFIER = pavel.com.by.weather;
				PRODUCT_NAME = "$(TARGET_NAME)";
				SWIFT_VERSION = 5.0;
				TARGETED_DEVICE_FAMILY = "1,2";
			};
			name = Debug;
		};
		E946ED1E2503D12900029312 /* Release */ = {
			isa = XCBuildConfiguration;
			buildSettings = {
				ASSETCATALOG_COMPILER_APPICON_NAME = AppIcon;
				CODE_SIGN_STYLE = Automatic;
				INFOPLIST_FILE = weather/Info.plist;
				LD_RUNPATH_SEARCH_PATHS = (
					"$(inherited)",
					"@executable_path/Frameworks",
				);
				PRODUCT_BUNDLE_IDENTIFIER = pavel.com.by.weather;
				PRODUCT_NAME = "$(TARGET_NAME)";
				SWIFT_VERSION = 5.0;
				TARGETED_DEVICE_FAMILY = "1,2";
			};
			name = Release;
		};
/* End XCBuildConfiguration section */

/* Begin XCConfigurationList section */
		E946ED032503D12100029312 /* Build configuration list for PBXProject "weather" */ = {
			isa = XCConfigurationList;
			buildConfigurations = (
				E946ED1A2503D12900029312 /* Debug */,
				E946ED1B2503D12900029312 /* Release */,
			);
			defaultConfigurationIsVisible = 0;
			defaultConfigurationName = Release;
		};
		E946ED1C2503D12900029312 /* Build configuration list for PBXNativeTarget "weather" */ = {
			isa = XCConfigurationList;
			buildConfigurations = (
				E946ED1D2503D12900029312 /* Debug */,
				E946ED1E2503D12900029312 /* Release */,
			);
			defaultConfigurationIsVisible = 0;
			defaultConfigurationName = Release;
		};
/* End XCConfigurationList section */
	};
	rootObject = E946ED002503D12100029312 /* Project object */;
}
